Microsoft Visual Studio Solution File, Format Version 12.00
# Visual Studio Version 17
VisualStudioVersion = 17.12.35309.182
MinimumVisualStudioVersion = 10.0.40219.1
Project("{FAE04EC0-301F-11D3-BF4B-00C04F79EFBC}") = "SpellChecker", "SpellChecker\SpellChecker.csproj", "{ABE5E48D-0622-4F04-B3E0-02CFCAB6BEBF}"
EndProject
Project("{FAE04EC0-301F-11D3-BF4B-00C04F79EFBC}") = "SpellChecker.Server", "SpellChecker.Server\SpellChecker.Server.csproj", "{60A7724E-3A71-4BB1-B6C0-A62840AF2047}"
EndProject
Project("{FAE04EC0-301F-11D3-BF4B-00C04F79EFBC}") = "SpellChecker.Core", "SpellChecker.Core\SpellChecker.Core.csproj", "{B9D9E8A4-2E93-4B73-86BC-D0C1E74A7531}"
EndProject
Global
	GlobalSection(SolutionConfigurationPlatforms) = preSolution
		Debug|Any CPU = Debug|Any CPU
		Release|Any CPU = Release|Any CPU
	EndGlobalSection
	GlobalSection(ProjectConfigurationPlatforms) = postSolution
		{ABE5E48D-0622-4F04-B3E0-02CFCAB6BEBF}.Debug|Any CPU.ActiveCfg = Debug|Any CPU
		{ABE5E48D-0622-4F04-B3E0-02CFCAB6BEBF}.Debug|Any CPU.Build.0 = Debug|Any CPU
		{ABE5E48D-0622-4F04-B3E0-02CFCAB6BEBF}.Release|Any CPU.ActiveCfg = Release|Any CPU
		{ABE5E48D-0622-4F04-B3E0-02CFCAB6BEBF}.Release|Any CPU.Build.0 = Release|Any CPU
		{60A7724E-3A71-4BB1-B6C0-A62840AF2047}.Debug|Any CPU.ActiveCfg = Debug|Any CPU
		{60A7724E-3A71-4BB1-B6C0-A62840AF2047}.Debug|Any CPU.Build.0 = Debug|Any CPU
		{60A7724E-3A71-4BB1-B6C0-A62840AF2047}.Release|Any CPU.ActiveCfg = Release|Any CPU
		{60A7724E-3A71-4BB1-B6C0-A62840AF2047}.Release|Any CPU.Build.0 = Release|Any CPU
		{B9D9E8A4-2E93-4B73-86BC-D0C1E74A7531}.Debug|Any CPU.ActiveCfg = Debug|Any CPU
		{B9D9E8A4-2E93-4B73-86BC-D0C1E74A7531}.Debug|Any CPU.Build.0 = Debug|Any CPU
		{B9D9E8A4-2E93-4B73-86BC-D0C1E74A7531}.Release|Any CPU.ActiveCfg = Release|Any CPU
		{B9D9E8A4-2E93-4B73-86BC-D0C1E74A7531}.Release|Any CPU.Build.0 = Release|Any CPU
	EndGlobalSection
	GlobalSection(SolutionProperties) = preSolution
		HideSolutionNode = FALSE
	EndGlobalSection
	GlobalSection(ExtensibilityGlobals) = postSolution
		SolutionGuid = {822EC923-B515-4815-9D62-016231905FD2}
	EndGlobalSection
EndGlobal
